
Microsoft Visual Studio Solution File, Format Version 11.00
# Visual Studio 2010
Project("{FAE04EC0-301F-11D3-BF4B-00C04F79EFBC}") = "Assembly-CSharp", "Assembly-CSharp.csproj", "{A1ED02DF-ADB5-68EA-D6A2-B8508881D9F0}"
EndProject
Project("{FAE04EC0-301F-11D3-BF4B-00C04F79EFBC}") = "Tests", "Tests.csproj", "{6988CE7C-7BAE-5647-E38C-FC590E1F00E8}"
EndProject
Global
	GlobalSection(SolutionConfigurationPlatforms) = preSolution
		Debug|Any CPU = Debug|Any CPU
		Release|Any CPU = Release|Any CPU
	EndGlobalSection
	GlobalSection(ProjectConfigurationPlatforms) = postSolution
		{A1ED02DF-ADB5-68EA-D6A2-B8508881D9F0}.Debug|Any CPU.ActiveCfg = Debug|Any CPU
		{A1ED02DF-ADB5-68EA-D6A2-B8508881D9F0}.Debug|Any CPU.Build.0 = Debug|Any CPU
		{A1ED02DF-ADB5-68EA-D6A2-B8508881D9F0}.Release|Any CPU.ActiveCfg = Release|Any CPU
		{A1ED02DF-ADB5-68EA-D6A2-B8508881D9F0}.Release|Any CPU.Build.0 = Release|Any CPU
		{6988CE7C-7BAE-5647-E38C-FC590E1F00E8}.Debug|Any CPU.ActiveCfg = Debug|Any CPU
		{6988CE7C-7BAE-5647-E38C-FC590E1F00E8}.Debug|Any CPU.Build.0 = Debug|Any CPU
		{6988CE7C-7BAE-5647-E38C-FC590E1F00E8}.Release|Any CPU.ActiveCfg = Release|Any CPU
		{6988CE7C-7BAE-5647-E38C-FC590E1F00E8}.Release|Any CPU.Build.0 = Release|Any CPU
	EndGlobalSection
	GlobalSection(SolutionProperties) = preSolution
		HideSolutionNode = FALSE
	EndGlobalSection
	GlobalSection(MonoDevelopProperties) = preSolution
		StartupItem = Assembly-CSharp.csproj
	EndGlobalSection
EndGlobal
